
Microsoft Visual Studio Solution File, Format Version 12.00
# Visual Studio 15
VisualStudioVersion = 15.0.26730.15
MinimumVisualStudioVersion = 10.0.40219.1
Project("{9A19103F-16F7-4668-BE54-9A1E7A4F7556}") = "SQLiteLab", "SQLiteLab.csproj", "{964A4932-4320-49D2-90A2-19C7C27F65D4}"
EndProject
Global
	GlobalSection(SolutionConfigurationPlatforms) = preSolution
		Debug|Any CPU = Debug|Any CPU
		Release|Any CPU = Release|Any CPU
	EndGlobalSection
	GlobalSection(ProjectConfigurationPlatforms) = postSolution
		{964A4932-4320-49D2-90A2-19C7C27F65D4}.Debug|Any CPU.ActiveCfg = Debug|Any CPU
		{964A4932-4320-49D2-90A2-19C7C27F65D4}.Debug|Any CPU.Build.0 = Debug|Any CPU
		{964A4932-4320-49D2-90A2-19C7C27F65D4}.Release|Any CPU.ActiveCfg = Release|Any CPU
		{964A4932-4320-49D2-90A2-19C7C27F65D4}.Release|Any CPU.Build.0 = Release|Any CPU
	EndGlobalSection
	GlobalSection(SolutionProperties) = preSolution
		HideSolutionNode = FALSE
	EndGlobalSection
	GlobalSection(ExtensibilityGlobals) = postSolution
		SolutionGuid = {04F30E4D-B99B-47C8-A5E3-4CD112B9265F}
	EndGlobalSection
EndGlobal
